
Microsoft Visual Studio Solution File, Format Version 12.00
# Visual Studio Version 17
VisualStudioVersion = 17.5.33516.290
MinimumVisualStudioVersion = 10.0.40219.1
Project("{9A19103F-16F7-4668-BE54-9A1E7A4F7556}") = "SpacerPoBialymstoku", "SpacerPoBialymstoku\SpacerPoBialymstoku.csproj", "{C3518647-54C7-4C72-B011-92509269AF1B}"
EndProject
Global
	GlobalSection(SolutionConfigurationPlatforms) = preSolution
		Debug|Any CPU = Debug|Any CPU
		Release|Any CPU = Release|Any CPU
	EndGlobalSection
	GlobalSection(ProjectConfigurationPlatforms) = postSolution
		{C3518647-54C7-4C72-B011-92509269AF1B}.Debug|Any CPU.ActiveCfg = Debug|Any CPU
		{C3518647-54C7-4C72-B011-92509269AF1B}.Debug|Any CPU.Build.0 = Debug|Any CPU
		{C3518647-54C7-4C72-B011-92509269AF1B}.Release|Any CPU.ActiveCfg = Release|Any CPU
		{C3518647-54C7-4C72-B011-92509269AF1B}.Release|Any CPU.Build.0 = Release|Any CPU
	EndGlobalSection
	GlobalSection(SolutionProperties) = preSolution
		HideSolutionNode = FALSE
	EndGlobalSection
	GlobalSection(ExtensibilityGlobals) = postSolution
		SolutionGuid = {961C18C6-2B47-46BB-AF05-5924DDE78E85}
	EndGlobalSection
EndGlobal
